// !$*UTF8*$!
{
	archiveVersion = 1;
	classes = {
	};
	objectVersion = 50;
	objects = {

/* Begin PBXBuildFile section */
		2C483BE023A2D66E00A3E3BF /* ContactDetailVC.swift in Sources */ = {isa = PBXBuildFile; fileRef = 2C483BDF23A2D66E00A3E3BF /* ContactDetailVC.swift */; };
		2C483BE223A2E4C400A3E3BF /* EditVC.swift in Sources */ = {isa = PBXBuildFile; fileRef = 2C483BE123A2E4C400A3E3BF /* EditVC.swift */; };
		2C73745223A14DF500841489 /* AppDelegate.swift in Sources */ = {isa = PBXBuildFile; fileRef = 2C73745123A14DF500841489 /* AppDelegate.swift */; };
		2C73745423A14DF500841489 /* SceneDelegate.swift in Sources */ = {isa = PBXBuildFile; fileRef = 2C73745323A14DF500841489 /* SceneDelegate.swift */; };
		2C73745923A14DF500841489 /* Main.storyboard in Resources */ = {isa = PBXBuildFile; fileRef = 2C73745723A14DF500841489 /* Main.storyboard */; };
		2C73745C23A14DF500841489 /* ContactAppUsingCoreData.xcdatamodeld in Sources */ = {isa = PBXBuildFile; fileRef = 2C73745A23A14DF500841489 /* ContactAppUsingCoreData.xcdatamodeld */; };
		2C73745E23A14DF700841489 /* Assets.xcassets in Resources */ = {isa = PBXBuildFile; fileRef = 2C73745D23A14DF700841489 /* Assets.xcassets */; };
		2C73746123A14DF700841489 /* LaunchScreen.storyboard in Resources */ = {isa = PBXBuildFile; fileRef = 2C73745F23A14DF700841489 /* LaunchScreen.storyboard */; };
		2C73746A23A14E5200841489 /* ContactListTVC.swift in Sources */ = {isa = PBXBuildFile; fileRef = 2C73746923A14E5200841489 /* ContactListTVC.swift */; };
		2C73746C23A1519200841489 /* AddContactVC.swift in Sources */ = {isa = PBXBuildFile; fileRef = 2C73746B23A1519200841489 /* AddContactVC.swift */; };
/* End PBXBuildFile section */

/* Begin PBXFileReference section */
		2C483BDF23A2D66E00A3E3BF /* ContactDetailVC.swift */ = {isa = PBXFileReference; lastKnownFileType = sourcecode.swift; path = ContactDetailVC.swift; sourceTree = "<group>"; };
		2C483BE123A2E4C400A3E3BF /* EditVC.swift */ = {isa = PBXFileReference; lastKnownFileType = sourcecode.swift; path = EditVC.swift; sourceTree = "<group>"; };
		2C73744E23A14DF500841489 /* ContactAppUsingCoreData.app */ = {isa = PBXFileReference; explicitFileType = wrapper.application; includeInIndex = 0; path = ContactAppUsingCoreData.app; sourceTree = BUILT_PRODUCTS_DIR; };
		2C73745123A14DF500841489 /* AppDelegate.swift */ = {isa = PBXFileReference; lastKnownFileType = sourcecode.swift; path = AppDelegate.swift; sourceTree = "<group>"; };
		2C73745323A14DF500841489 /* SceneDelegate.swift */ = {isa = PBXFileReference; lastKnownFileType = sourcecode.swift; path = SceneDelegate.swift; sourceTree = "<group>"; };
		2C73745823A14DF500841489 /* Base */ = {isa = PBXFileReference; lastKnownFileType = file.storyboard; name = Base; path = Base.lproj/Main.storyboard; sourceTree = "<group>"; };
		2C73745B23A14DF500841489 /* ContactAppUsingCoreData.xcdatamodel */ = {isa = PBXFileReference; lastKnownFileType = wrapper.xcdatamodel; path = ContactAppUsingCoreData.xcdatamodel; sourceTree = "<group>"; };
		2C73745D23A14DF700841489 /* Assets.xcassets */ = {isa = PBXFileReference; lastKnownFileType = folder.assetcatalog; path = Assets.xcassets; sourceTree = "<group>"; };
		2C73746023A14DF700841489 /* Base */ = {isa = PBXFileReference; lastKnownFileType = file.storyboard; name = Base; path = Base.lproj/LaunchScreen.storyboard; sourceTree = "<group>"; };
		2C73746223A14DF700841489 /* Info.plist */ = {isa = PBXFileReference; lastKnownFileType = text.plist.xml; path = Info.plist; sourceTree = "<group>"; };
		2C73746923A14E5200841489 /* ContactListTVC.swift */ = {isa = PBXFileReference; lastKnownFileType = sourcecode.swift; path = ContactListTVC.swift; sourceTree = "<group>"; };
		2C73746B23A1519200841489 /* AddContactVC.swift */ = {isa = PBXFileReference; lastKnownFileType = sourcecode.swift; path = AddContactVC.swift; sourceTree = "<group>"; };
/* End PBXFileReference section */

/* Begin PBXFrameworksBuildPhase section */
		2C73744B23A14DF500841489 /* Frameworks */ = {
			isa = PBXFrameworksBuildPhase;
			buildActionMask = 2147483647;
			files = (
			);
			runOnlyForDeploymentPostprocessing = 0;
		};
/* End PBXFrameworksBuildPhase section */

/* Begin PBXGroup section */
		2C73744523A14DF500841489 = {
			isa = PBXGroup;
			children = (
				2C73745023A14DF500841489 /* ContactAppUsingCoreData */,
				2C73744F23A14DF500841489 /* Products */,
			);
			sourceTree = "<group>";
		};
		2C73744F23A14DF500841489 /* Products */ = {
			isa = PBXGroup;
			children = (
				2C73744E23A14DF500841489 /* ContactAppUsingCoreData.app */,
			);
			name = Products;
			sourceTree = "<group>";
		};
		2C73745023A14DF500841489 /* ContactAppUsingCoreData */ = {
			isa = PBXGroup;
			children = (
				2C73746823A14E2000841489 /* Controller */,
				2C73745123A14DF500841489 /* AppDelegate.swift */,
				2C73745323A14DF500841489 /* SceneDelegate.swift */,
				2C73745723A14DF500841489 /* Main.storyboard */,
				2C73745D23A14DF700841489 /* Assets.xcassets */,
				2C73745F23A14DF700841489 /* LaunchScreen.storyboard */,
				2C73746223A14DF700841489 /* Info.plist */,
				2C73745A23A14DF500841489 /* ContactAppUsingCoreData.xcdatamodeld */,
			);
			path = ContactAppUsingCoreData;
			sourceTree = "<group>";
		};
		2C73746823A14E2000841489 /* Controller */ = {
			isa = PBXGroup;
			children = (
				2C73746923A14E5200841489 /* ContactListTVC.swift */,
				2C73746B23A1519200841489 /* AddContactVC.swift */,
				2C483BDF23A2D66E00A3E3BF /* ContactDetailVC.swift */,
				2C483BE123A2E4C400A3E3BF /* EditVC.swift */,
			);
			path = Controller;
			sourceTree = "<group>";
		};
/* End PBXGroup section */

/* Begin PBXNativeTarget section */
		2C73744D23A14DF500841489 /* ContactAppUsingCoreData */ = {
			isa = PBXNativeTarget;
			buildConfigurationList = 2C73746523A14DF700841489 /* Build configuration list for PBXNativeTarget "ContactAppUsingCoreData" */;
			buildPhases = (
				2C73744A23A14DF500841489 /* Sources */,
				2C73744B23A14DF500841489 /* Frameworks */,
				2C73744C23A14DF500841489 /* Resources */,
			);
			buildRules = (
			);
			dependencies = (
			);
			name = ContactAppUsingCoreData;
			productName = ContactAppUsingCoreData;
			productReference = 2C73744E23A14DF500841489 /* ContactAppUsingCoreData.app */;
			productType = "com.apple.product-type.application";
		};
/* End PBXNativeTarget section */

/* Begin PBXProject section */
		2C73744623A14DF500841489 /* Project object */ = {
			isa = PBXProject;
			attributes = {
				LastSwiftUpdateCheck = 1100;
				LastUpgradeCheck = 1100;
				ORGANIZATIONNAME = "Raju Gupta";
				TargetAttributes = {
					2C73744D23A14DF500841489 = {
						CreatedOnToolsVersion = 11.0;
					};
				};
			};
			buildConfigurationList = 2C73744923A14DF500841489 /* Build configuration list for PBXProject "ContactAppUsingCoreData" */;
			compatibilityVersion = "Xcode 9.3";
			developmentRegion = en;
			hasScannedForEncodings = 0;
			knownRegions = (
				en,
				Base,
			);
			mainGroup = 2C73744523A14DF500841489;
			productRefGroup = 2C73744F23A14DF500841489 /* Products */;
			projectDirPath = "";
			projectRoot = "";
			targets = (
				2C73744D23A14DF500841489 /* ContactAppUsingCoreData */,
			);
		};
/* End PBXProject section */

/* Begin PBXResourcesBuildPhase section */
		2C73744C23A14DF500841489 /* Resources */ = {
			isa = PBXResourcesBuildPhase;
			buildActionMask = 2147483647;
			files = (
				2C73746123A14DF700841489 /* LaunchScreen.storyboard in Resources */,
				2C73745E23A14DF700841489 /* Assets.xcassets in Resources */,
				2C73745923A14DF500841489 /* Main.storyboard in Resources */,
			);
			runOnlyForDeploymentPostprocessing = 0;
		};
/* End PBXResourcesBuildPhase section */

/* Begin PBXSourcesBuildPhase section */
		2C73744A23A14DF500841489 /* Sources */ = {
			isa = PBXSourcesBuildPhase;
			buildActionMask = 2147483647;
			files = (
				2C73746A23A14E5200841489 /* ContactListTVC.swift in Sources */,
				2C73745223A14DF500841489 /* AppDelegate.swift in Sources */,
				2C483BE023A2D66E00A3E3BF /* ContactDetailVC.swift in Sources */,
				2C73745C23A14DF500841489 /* ContactAppUsingCoreData.xcdatamodeld in Sources */,
				2C73745423A14DF500841489 /* SceneDelegate.swift in Sources */,
				2C73746C23A1519200841489 /* AddContactVC.swift in Sources */,
				2C483BE223A2E4C400A3E3BF /* EditVC.swift in Sources */,
			);
			runOnlyForDeploymentPostprocessing = 0;
		};
/* End PBXSourcesBuildPhase section */

/* Begin PBXVariantGroup section */
		2C73745723A14DF500841489 /* Main.storyboard */ = {
			isa = PBXVariantGroup;
			children = (
				2C73745823A14DF500841489 /* Base */,
			);
			name = Main.storyboard;
			sourceTree = "<group>";
		};
		2C73745F23A14DF700841489 /* LaunchScreen.storyboard */ = {
			isa = PBXVariantGroup;
			children = (
				2C73746023A14DF700841489 /* Base */,
			);
			name = LaunchScreen.storyboard;
			sourceTree = "<group>";
		};
/* End PBXVariantGroup section */

/* Begin XCBuildConfiguration section */
		2C73746323A14DF700841489 /* Debug */ = {
			isa = XCBuildConfiguration;
			buildSettings = {
				ALWAYS_SEARCH_USER_PATHS = NO;
				CLANG_ANALYZER_NONNULL = YES;
				CLANG_ANALYZER_NUMBER_OBJECT_CONVERSION = YES_AGGRESSIVE;
				CLANG_CXX_LANGUAGE_STANDARD = "gnu++14";
				CLANG_CXX_LIBRARY = "libc++";
				CLANG_ENABLE_MODULES = YES;
				CLANG_ENABLE_OBJC_ARC = YES;
				CLANG_ENABLE_OBJC_WEAK = YES;
				CLANG_WARN_BLOCK_CAPTURE_AUTORELEASING = YES;
				CLANG_WARN_BOOL_CONVERSION = YES;
				CLANG_WARN_COMMA = YES;
				CLANG_WARN_CONSTANT_CONVERSION = YES;
				CLANG_WARN_DEPRECATED_OBJC_IMPLEMENTATIONS = YES;
				CLANG_WARN_DIRECT_OBJC_ISA_USAGE = YES_ERROR;
				CLANG_WARN_DOCUMENTATION_COMMENTS = YES;
				CLANG_WARN_EMPTY_BODY = YES;
				CLANG_WARN_ENUM_CONVERSION = YES;
				CLANG_WARN_INFINITE_RECURSION = YES;
				CLANG_WARN_INT_CONVERSION = YES;
				CLANG_WARN_NON_LITERAL_NULL_CONVERSION = YES;
				CLANG_WARN_OBJC_IMPLICIT_RETAIN_SELF = YES;
				CLANG_WARN_OBJC_LITERAL_CONVERSION = YES;
				CLANG_WARN_OBJC_ROOT_CLASS = YES_ERROR;
				CLANG_WARN_RANGE_LOOP_ANALYSIS = YES;
				CLANG_WARN_STRICT_PROTOTYPES = YES;
				CLANG_WARN_SUSPICIOUS_MOVE = YES;
				CLANG_WARN_UNGUARDED_AVAILABILITY = YES_AGGRESSIVE;
				CLANG_WARN_UNREACHABLE_CODE = YES;
				CLANG_WARN__DUPLICATE_METHOD_MATCH = YES;
				COPY_PHASE_STRIP = NO;
				DEBUG_INFORMATION_FORMAT = dwarf;
				ENABLE_STRICT_OBJC_MSGSEND = YES;
				ENABLE_TESTABILITY = YES;
				GCC_C_LANGUAGE_STANDARD = gnu11;
				GCC_DYNAMIC_NO_PIC = NO;
				GCC_NO_COMMON_BLOCKS = YES;
				GCC_OPTIMIZATION_LEVEL = 0;
				GCC_PREPROCESSOR_DEFINITIONS = (
					"DEBUG=1",
					"$(inherited)",
				);
				GCC_WARN_64_TO_32_BIT_CONVERSION = YES;
				GCC_WARN_ABOUT_RETURN_TYPE = YES_ERROR;
				GCC_WARN_UNDECLARED_SELECTOR = YES;
				GCC_WARN_UNINITIALIZED_AUTOS = YES_AGGRESSIVE;
				GCC_WARN_UNUSED_FUNCTION = YES;
				GCC_WARN_UNUSED_VARIABLE = YES;
				IPHONEOS_DEPLOYMENT_TARGET = 13.0;
				MTL_ENABLE_DEBUG_INFO = INCLUDE_SOURCE;
				MTL_FAST_MATH = YES;
				ONLY_ACTIVE_ARCH = YES;
				SDKROOT = iphoneos;
				SWIFT_ACTIVE_COMPILATION_CONDITIONS = DEBUG;
				SWIFT_OPTIMIZATION_LEVEL = "-Onone";
			};
			name = Debug;
		};
		2C73746423A14DF700841489 /* Release */ = {
			isa = XCBuildConfiguration;
			buildSettings = {
				ALWAYS_SEARCH_USER_PATHS = NO;
				CLANG_ANALYZER_NONNULL = YES;
				CLANG_ANALYZER_NUMBER_OBJECT_CONVERSION = YES_AGGRESSIVE;
				CLANG_CXX_LANGUAGE_STANDARD = "gnu++14";
				CLANG_CXX_LIBRARY = "libc++";
				CLANG_ENABLE_MODULES = YES;
				CLANG_ENABLE_OBJC_ARC = YES;
				CLANG_ENABLE_OBJC_WEAK = YES;
				CLANG_WARN_BLOCK_CAPTURE_AUTORELEASING = YES;
				CLANG_WARN_BOOL_CONVERSION = YES;
				CLANG_WARN_COMMA = YES;
				CLANG_WARN_CONSTANT_CONVERSION = YES;
				CLANG_WARN_DEPRECATED_OBJC_IMPLEMENTATIONS = YES;
				CLANG_WARN_DIRECT_OBJC_ISA_USAGE = YES_ERROR;
				CLANG_WARN_DOCUMENTATION_COMMENTS = YES;
				CLANG_WARN_EMPTY_BODY = YES;
				CLANG_WARN_ENUM_CONVERSION = YES;
				CLANG_WARN_INFINITE_RECURSION = YES;
				CLANG_WARN_INT_CONVERSION = YES;
				CLANG_WARN_NON_LITERAL_NULL_CONVERSION = YES;
				CLANG_WARN_OBJC_IMPLICIT_RETAIN_SELF = YES;
				CLANG_WARN_OBJC_LITERAL_CONVERSION = YES;
				CLANG_WARN_OBJC_ROOT_CLASS = YES_ERROR;
				CLANG_WARN_RANGE_LOOP_ANALYSIS = YES;
				CLANG_WARN_STRICT_PROTOTYPES = YES;
				CLANG_WARN_SUSPICIOUS_MOVE = YES;
				CLANG_WARN_UNGUARDED_AVAILABILITY = YES_AGGRESSIVE;
				CLANG_WARN_UNREACHABLE_CODE = YES;
				CLANG_WARN__DUPLICATE_METHOD_MATCH = YES;
				COPY_PHASE_STRIP = NO;
				DEBUG_INFORMATION_FORMAT = "dwarf-with-dsym";
				ENABLE_NS_ASSERTIONS = NO;
				ENABLE_STRICT_OBJC_MSGSEND = YES;
				GCC_C_LANGUAGE_STANDARD = gnu11;
				GCC_NO_COMMON_BLOCKS = YES;
				GCC_WARN_64_TO_32_BIT_CONVERSION = YES;
				GCC_WARN_ABOUT_RETURN_TYPE = YES_ERROR;
				GCC_WARN_UNDECLARED_SELECTOR = YES;
				GCC_WARN_UNINITIALIZED_AUTOS = YES_AGGRESSIVE;
				GCC_WARN_UNUSED_FUNCTION = YES;
				GCC_WARN_UNUSED_VARIABLE = YES;
				IPHONEOS_DEPLOYMENT_TARGET = 13.0;
				MTL_ENABLE_DEBUG_INFO = NO;
				MTL_FAST_MATH = YES;
				SDKROOT = iphoneos;
				SWIFT_COMPILATION_MODE = wholemodule;
				SWIFT_OPTIMIZATION_LEVEL = "-O";
				VALIDATE_PRODUCT = YES;
			};
			name = Release;
		};
		2C73746623A14DF700841489 /* Debug */ = {
			isa = XCBuildConfiguration;
			buildSettings = {
				ASSETCATALOG_COMPILER_APPICON_NAME = AppIcon;
				CODE_SIGN_STYLE = Automatic;
				DEVELOPMENT_TEAM = 6L5KGX7GK7;
				INFOPLIST_FILE = ContactAppUsingCoreData/Info.plist;
				LD_RUNPATH_SEARCH_PATHS = (
					"$(inherited)",
					"@executable_path/Frameworks",
				);
				PRODUCT_BUNDLE_IDENTIFIER = raju.ContactAppUsingCoreData;
				PRODUCT_NAME = "$(TARGET_NAME)";
				SWIFT_VERSION = 5.0;
				TARGETED_DEVICE_FAMILY = 1;
			};
			name = Debug;
		};
		2C73746723A14DF700841489 /* Release */ = {
			isa = XCBuildConfiguration;
			buildSettings = {
				ASSETCATALOG_COMPILER_APPICON_NAME = AppIcon;
				CODE_SIGN_STYLE = Automatic;
				DEVELOPMENT_TEAM = 6L5KGX7GK7;
				INFOPLIST_FILE = ContactAppUsingCoreData/Info.plist;
				LD_RUNPATH_SEARCH_PATHS = (
					"$(inherited)",
					"@executable_path/Frameworks",
				);
				PRODUCT_BUNDLE_IDENTIFIER = raju.ContactAppUsingCoreData;
				PRODUCT_NAME = "$(TARGET_NAME)";
				SWIFT_VERSION = 5.0;
				TARGETED_DEVICE_FAMILY = 1;
			};
			name = Release;
		};
/* End XCBuildConfiguration section */

/* Begin XCConfigurationList section */
		2C73744923A14DF500841489 /* Build configuration list for PBXProject "ContactAppUsingCoreData" */ = {
			isa = XCConfigurationList;
			buildConfigurations = (
				2C73746323A14DF700841489 /* Debug */,
				2C73746423A14DF700841489 /* Release */,
			);
			defaultConfigurationIsVisible = 0;
			defaultConfigurationName = Release;
		};
		2C73746523A14DF700841489 /* Build configuration list for PBXNativeTarget "ContactAppUsingCoreData" */ = {
			isa = XCConfigurationList;
			buildConfigurations = (
				2C73746623A14DF700841489 /* Debug */,
				2C73746723A14DF700841489 /* Release */,
			);
			defaultConfigurationIsVisible = 0;
			defaultConfigurationName = Release;
		};
/* End XCConfigurationList section */

/* Begin XCVersionGroup section */
		2C73745A23A14DF500841489 /* ContactAppUsingCoreData.xcdatamodeld */ = {
			isa = XCVersionGroup;
			children = (
				2C73745B23A14DF500841489 /* ContactAppUsingCoreData.xcdatamodel */,
			);
			currentVersion = 2C73745B23A14DF500841489 /* ContactAppUsingCoreData.xcdatamodel */;
			path = ContactAppUsingCoreData.xcdatamodeld;
			sourceTree = "<group>";
			versionGroupType = wrapper.xcdatamodel;
		};
/* End XCVersionGroup section */
	};
	rootObject = 2C73744623A14DF500841489 /* Project object */;
}
